Microsoft Visual Studio Solution File, Format Version 12.00
# Visual Studio 2012
Project("{FAE04EC0-301F-11D3-BF4B-00C04F79EFBC}") = "Eras Shaders", "Eras Shaders.csproj", "{49CBFC38-E0F6-48A7-9F5C-9F5CF8DF7968}"
EndProject
Global
	GlobalSection(SolutionConfigurationPlatforms) = preSolution
	Debug|Any CPU = Debug|Any CPU
	ExportDebug|Any CPU = ExportDebug|Any CPU
	ExportRelease|Any CPU = ExportRelease|Any CPU
	EndGlobalSection
	GlobalSection(ProjectConfigurationPlatforms) = postSolution
		{49CBFC38-E0F6-48A7-9F5C-9F5CF8DF7968}.Debug|Any CPU.ActiveCfg = Debug|Any CPU
		{49CBFC38-E0F6-48A7-9F5C-9F5CF8DF7968}.Debug|Any CPU.Build.0 = Debug|Any CPU
		{49CBFC38-E0F6-48A7-9F5C-9F5CF8DF7968}.ExportDebug|Any CPU.ActiveCfg = ExportDebug|Any CPU
		{49CBFC38-E0F6-48A7-9F5C-9F5CF8DF7968}.ExportDebug|Any CPU.Build.0 = ExportDebug|Any CPU
		{49CBFC38-E0F6-48A7-9F5C-9F5CF8DF7968}.ExportRelease|Any CPU.ActiveCfg = ExportRelease|Any CPU
		{49CBFC38-E0F6-48A7-9F5C-9F5CF8DF7968}.ExportRelease|Any CPU.Build.0 = ExportRelease|Any CPU
	EndGlobalSection
EndGlobal
